
Microsoft Visual Studio Solution File, Format Version 12.00
# Visual Studio 15
VisualStudioVersion = 15.0.28307.902
MinimumVisualStudioVersion = 10.0.40219.1
Project("{8BC9CEB8-8B4A-11D0-8D11-00A0C91BC942}") = "lab1a", "lab1a\lab1a.vcxproj", "{087222E2-6FAC-471A-8A65-C1BB18CEE165}"
EndProject
Project("{8BC9CEB8-8B4A-11D0-8D11-00A0C91BC942}") = "lab1b", "lab1b\lab1b.vcxproj", "{AAC1D949-943A-48F5-979F-F08E875D5BC2}"
EndProject
Project("{8BC9CEB8-8B4A-11D0-8D11-00A0C91BC942}") = "lab1c", "lab1c\lab1c.vcxproj", "{07DC6187-067C-4DC2-ADBF-3D613D80977D}"
EndProject
Project("{8BC9CEB8-8B4A-11D0-8D11-00A0C91BC942}") = "lab2a", "lab2a\lab2a.vcxproj", "{6D95D016-5AF4-4FF1-94F8-E41C220E53BE}"
EndProject
Project("{8BC9CEB8-8B4A-11D0-8D11-00A0C91BC942}") = "lab2b", "lab2b\lab2b.vcxproj", "{06763A1F-FD5D-4538-91C8-4BB2D821DDAA}"
EndProject
Project("{8BC9CEB8-8B4A-11D0-8D11-00A0C91BC942}") = "lab3a", "lab3a\lab3a.vcxproj", "{F0235349-8AE3-4560-8886-D5E87C275F6E}"
EndProject
Project("{8BC9CEB8-8B4A-11D0-8D11-00A0C91BC942}") = "lab3b", "lab3b\lab3b.vcxproj", "{F6BF1471-2A75-440C-A0E3-4FFBA5D3DC29}"
EndProject
Project("{8BC9CEB8-8B4A-11D0-8D11-00A0C91BC942}") = "lab4a", "lab4a\lab4a.vcxproj", "{ACBC4F3E-5413-43FF-AAF4-7CA3FF0082DC}"
EndProject
Project("{8BC9CEB8-8B4A-11D0-8D11-00A0C91BC942}") = "lab4b", "lab4b\lab4b.vcxproj", "{68AB3E4F-FE97-40FC-91EE-16007A505045}"
EndProject
Project("{8BC9CEB8-8B4A-11D0-8D11-00A0C91BC942}") = "lab5a", "lab5a\lab5a.vcxproj", "{0EDCE42A-7906-4045-BF73-DBC380EDA3F0}"
EndProject
Global
	GlobalSection(SolutionConfigurationPlatforms) = preSolution
		Debug|x64 = Debug|x64
		Debug|x86 = Debug|x86
		Release|x64 = Release|x64
		Release|x86 = Release|x86
	EndGlobalSection
	GlobalSection(ProjectConfigurationPlatforms) = postSolution
		{087222E2-6FAC-471A-8A65-C1BB18CEE165}.Debug|x64.ActiveCfg = Debug|x64
		{087222E2-6FAC-471A-8A65-C1BB18CEE165}.Debug|x64.Build.0 = Debug|x64
		{087222E2-6FAC-471A-8A65-C1BB18CEE165}.Debug|x86.ActiveCfg = Debug|Win32
		{087222E2-6FAC-471A-8A65-C1BB18CEE165}.Debug|x86.Build.0 = Debug|Win32
		{087222E2-6FAC-471A-8A65-C1BB18CEE165}.Release|x64.ActiveCfg = Release|x64
		{087222E2-6FAC-471A-8A65-C1BB18CEE165}.Release|x64.Build.0 = Release|x64
		{087222E2-6FAC-471A-8A65-C1BB18CEE165}.Release|x86.ActiveCfg = Release|Win32
		{087222E2-6FAC-471A-8A65-C1BB18CEE165}.Release|x86.Build.0 = Release|Win32
		{AAC1D949-943A-48F5-979F-F08E875D5BC2}.Debug|x64.ActiveCfg = Debug|x64
		{AAC1D949-943A-48F5-979F-F08E875D5BC2}.Debug|x64.Build.0 = Debug|x64
		{AAC1D949-943A-48F5-979F-F08E875D5BC2}.Debug|x86.ActiveCfg = Debug|Win32
		{AAC1D949-943A-48F5-979F-F08E875D5BC2}.Debug|x86.Build.0 = Debug|Win32
		{AAC1D949-943A-48F5-979F-F08E875D5BC2}.Release|x64.ActiveCfg = Release|x64
		{AAC1D949-943A-48F5-979F-F08E875D5BC2}.Release|x64.Build.0 = Release|x64
		{AAC1D949-943A-48F5-979F-F08E875D5BC2}.Release|x86.ActiveCfg = Release|Win32
		{AAC1D949-943A-48F5-979F-F08E875D5BC2}.Release|x86.Build.0 = Release|Win32
		{07DC6187-067C-4DC2-ADBF-3D613D80977D}.Debug|x64.ActiveCfg = Debug|x64
		{07DC6187-067C-4DC2-ADBF-3D613D80977D}.Debug|x64.Build.0 = Debug|x64
		{07DC6187-067C-4DC2-ADBF-3D613D80977D}.Debug|x86.ActiveCfg = Debug|Win32
		{07DC6187-067C-4DC2-ADBF-3D613D80977D}.Debug|x86.Build.0 = Debug|Win32
		{07DC6187-067C-4DC2-ADBF-3D613D80977D}.Release|x64.ActiveCfg = Release|x64
		{07DC6187-067C-4DC2-ADBF-3D613D80977D}.Release|x64.Build.0 = Release|x64
		{07DC6187-067C-4DC2-ADBF-3D613D80977D}.Release|x86.ActiveCfg = Release|Win32
		{07DC6187-067C-4DC2-ADBF-3D613D80977D}.Release|x86.Build.0 = Release|Win32
		{6D95D016-5AF4-4FF1-94F8-E41C220E53BE}.Debug|x64.ActiveCfg = Debug|x64
		{6D95D016-5AF4-4FF1-94F8-E41C220E53BE}.Debug|x64.Build.0 = Debug|x64
		{6D95D016-5AF4-4FF1-94F8-E41C220E53BE}.Debug|x86.ActiveCfg = Debug|Win32
		{6D95D016-5AF4-4FF1-94F8-E41C220E53BE}.Debug|x86.Build.0 = Debug|Win32
		{6D95D016-5AF4-4FF1-94F8-E41C220E53BE}.Release|x64.ActiveCfg = Release|x64
		{6D95D016-5AF4-4FF1-94F8-E41C220E53BE}.Release|x64.Build.0 = Release|x64
		{6D95D016-5AF4-4FF1-94F8-E41C220E53BE}.Release|x86.ActiveCfg = Release|Win32
		{6D95D016-5AF4-4FF1-94F8-E41C220E53BE}.Release|x86.Build.0 = Release|Win32
		{06763A1F-FD5D-4538-91C8-4BB2D821DDAA}.Debug|x64.ActiveCfg = Debug|x64
		{06763A1F-FD5D-4538-91C8-4BB2D821DDAA}.Debug|x64.Build.0 = Debug|x64
		{06763A1F-FD5D-4538-91C8-4BB2D821DDAA}.Debug|x86.ActiveCfg = Debug|Win32
		{06763A1F-FD5D-4538-91C8-4BB2D821DDAA}.Debug|x86.Build.0 = Debug|Win32
		{06763A1F-FD5D-4538-91C8-4BB2D821DDAA}.Release|x64.ActiveCfg = Release|x64
		{06763A1F-FD5D-4538-91C8-4BB2D821DDAA}.Release|x64.Build.0 = Release|x64
		{06763A1F-FD5D-4538-91C8-4BB2D821DDAA}.Release|x86.ActiveCfg = Release|Win32
		{06763A1F-FD5D-4538-91C8-4BB2D821DDAA}.Release|x86.Build.0 = Release|Win32
		{F0235349-8AE3-4560-8886-D5E87C275F6E}.Debug|x64.ActiveCfg = Debug|x64
		{F0235349-8AE3-4560-8886-D5E87C275F6E}.Debug|x64.Build.0 = Debug|x64
		{F0235349-8AE3-4560-8886-D5E87C275F6E}.Debug|x86.ActiveCfg = Debug|Win32
		{F0235349-8AE3-4560-8886-D5E87C275F6E}.Debug|x86.Build.0 = Debug|Win32
		{F0235349-8AE3-4560-8886-D5E87C275F6E}.Release|x64.ActiveCfg = Release|x64
		{F0235349-8AE3-4560-8886-D5E87C275F6E}.Release|x64.Build.0 = Release|x64
		{F0235349-8AE3-4560-8886-D5E87C275F6E}.Release|x86.ActiveCfg = Release|Win32
		{F0235349-8AE3-4560-8886-D5E87C275F6E}.Release|x86.Build.0 = Release|Win32
		{F6BF1471-2A75-440C-A0E3-4FFBA5D3DC29}.Debug|x64.ActiveCfg = Debug|x64
		{F6BF1471-2A75-440C-A0E3-4FFBA5D3DC29}.Debug|x64.Build.0 = Debug|x64
		{F6BF1471-2A75-440C-A0E3-4FFBA5D3DC29}.Debug|x86.ActiveCfg = Debug|Win32
		{F6BF1471-2A75-440C-A0E3-4FFBA5D3DC29}.Debug|x86.Build.0 = Debug|Win32
		{F6BF1471-2A75-440C-A0E3-4FFBA5D3DC29}.Release|x64.ActiveCfg = Release|x64
		{F6BF1471-2A75-440C-A0E3-4FFBA5D3DC29}.Release|x64.Build.0 = Release|x64
		{F6BF1471-2A75-440C-A0E3-4FFBA5D3DC29}.Release|x86.ActiveCfg = Release|Win32
		{F6BF1471-2A75-440C-A0E3-4FFBA5D3DC29}.Release|x86.Build.0 = Release|Win32
		{ACBC4F3E-5413-43FF-AAF4-7CA3FF0082DC}.Debug|x64.ActiveCfg = Debug|x64
		{ACBC4F3E-5413-43FF-AAF4-7CA3FF0082DC}.Debug|x64.Build.0 = Debug|x64
		{ACBC4F3E-5413-43FF-AAF4-7CA3FF0082DC}.Debug|x86.ActiveCfg = Debug|Win32
		{ACBC4F3E-5413-43FF-AAF4-7CA3FF0082DC}.Debug|x86.Build.0 = Debug|Win32
		{ACBC4F3E-5413-43FF-AAF4-7CA3FF0082DC}.Release|x64.ActiveCfg = Release|x64
		{ACBC4F3E-5413-43FF-AAF4-7CA3FF0082DC}.Release|x64.Build.0 = Release|x64
		{ACBC4F3E-5413-43FF-AAF4-7CA3FF0082DC}.Release|x86.ActiveCfg = Release|Win32
		{ACBC4F3E-5413-43FF-AAF4-7CA3FF0082DC}.Release|x86.Build.0 = Release|Win32
		{68AB3E4F-FE97-40FC-91EE-16007A505045}.Debug|x64.ActiveCfg = Debug|x64
		{68AB3E4F-FE97-40FC-91EE-16007A505045}.Debug|x64.Build.0 = Debug|x64
		{68AB3E4F-FE97-40FC-91EE-16007A505045}.Debug|x86.ActiveCfg = Debug|Win32
		{68AB3E4F-FE97-40FC-91EE-16007A505045}.Debug|x86.Build.0 = Debug|Win32
		{68AB3E4F-FE97-40FC-91EE-16007A505045}.Release|x64.ActiveCfg = Release|x64
		{68AB3E4F-FE97-40FC-91EE-16007A505045}.Release|x64.Build.0 = Release|x64
		{68AB3E4F-FE97-40FC-91EE-16007A505045}.Release|x86.ActiveCfg = Release|Win32
		{68AB3E4F-FE97-40FC-91EE-16007A505045}.Release|x86.Build.0 = Release|Win32
		{0EDCE42A-7906-4045-BF73-DBC380EDA3F0}.Debug|x64.ActiveCfg = Debug|x64
		{0EDCE42A-7906-4045-BF73-DBC380EDA3F0}.Debug|x64.Build.0 = Debug|x64
		{0EDCE42A-7906-4045-BF73-DBC380EDA3F0}.Debug|x86.ActiveCfg = Debug|Win32
		{0EDCE42A-7906-4045-BF73-DBC380EDA3F0}.Debug|x86.Build.0 = Debug|Win32
		{0EDCE42A-7906-4045-BF73-DBC380EDA3F0}.Release|x64.ActiveCfg = Release|x64
		{0EDCE42A-7906-4045-BF73-DBC380EDA3F0}.Release|x64.Build.0 = Release|x64
		{0EDCE42A-7906-4045-BF73-DBC380EDA3F0}.Release|x86.ActiveCfg = Release|Win32
		{0EDCE42A-7906-4045-BF73-DBC380EDA3F0}.Release|x86.Build.0 = Release|Win32
	EndGlobalSection
	GlobalSection(SolutionProperties) = preSolution
		HideSolutionNode = FALSE
	EndGlobalSection
	GlobalSection(ExtensibilityGlobals) = postSolution
		SolutionGuid = {54EC317C-DDBD-4461-A235-EB5022A183C4}
	EndGlobalSection
EndGlobal
