<?xml version="1.0" encoding="utf-8"?>
<Project ToolsVersion="4.0" xmlns="http://schemas.microsoft.com/developer/msbuild/2003">
  <ItemGroup>
    <Filter Include="Source Files">
      <UniqueIdentifier>{4FC737F1-C7A5-4376-A066-2A32D752A2FF}</UniqueIdentifier>
      <Extensions>cpp;c;cc;cxx;def;odl;idl;hpj;bat;asm;asmx</Extensions>
    </Filter>
    <Filter Include="Header Files">
      <UniqueIdentifier>{93995380-89BD-4b04-88EB-625FBE52EBFB}</UniqueIdentifier>
      <Extensions>h;hh;hpp;hxx;hm;inl;inc;ipp;xsd</Extensions>
    </Filter>
    <Filter Include="Resource Files">
      <UniqueIdentifier>{67DA6AB6-F800-4c08-8B7A-83BB121AAD01}</UniqueIdentifier>
      <Extensions>rc;ico;cur;bmp;dlg;rc2;rct;bin;rgs;gif;jpg;jpeg;jpe;resx;tiff;tif;png;wav;mfcribbon-ms</Extensions>
    </Filter>
  </ItemGroup>
  <ItemGroup>
    <ClCompile Include="01_Start.c">
      <Filter>Source Files</Filter>
    </ClCompile>
    <ClCompile Include="02_Datatypes.c">
      <Filter>Source Files</Filter>
    </ClCompile>
    <ClCompile Include="03_TypeConversion.c">
      <Filter>Source Files</Filter>
    </ClCompile>
    <ClCompile Include="04_Integer.c">
      <Filter>Source Files</Filter>
    </ClCompile>
    <ClCompile Include="05_FloatingPoint.c">
      <Filter>Source Files</Filter>
    </ClCompile>
    <ClCompile Include="06_Char.c">
      <Filter>Source Files</Filter>
    </ClCompile>
    <ClCompile Include="07_TypeCasting.c">
      <Filter>Source Files</Filter>
    </ClCompile>
    <ClCompile Include="08_WhileLoop.c">
      <Filter>Source Files</Filter>
    </ClCompile>
    <ClCompile Include="09_While_AvgValue.c">
      <Filter>Source Files</Filter>
    </ClCompile>
    <ClCompile Include="10_CleanString.c">
      <Filter>Source Files</Filter>
    </ClCompile>
    <ClCompile Include="11_Max3.c">
      <Filter>Source Files</Filter>
    </ClCompile>
  </ItemGroup>
</Project>