
Microsoft Visual Studio Solution File, Format Version 12.00
# Visual Studio Version 16
VisualStudioVersion = 16.0.29424.173
MinimumVisualStudioVersion = 10.0.40219.1
Project("{8BC9CEB8-8B4A-11D0-8D11-00A0C91BC942}") = "lab4a", "lab4a\lab4a.vcxproj", "{6203DFE1-BEBB-4F6A-852A-5A8BD2429C68}"
EndProject
Project("{8BC9CEB8-8B4A-11D0-8D11-00A0C91BC942}") = "lab4b", "lab4b\lab4b.vcxproj", "{42215AF1-5C43-4CC6-AED1-7EEABE291F5E}"
EndProject
Global
	GlobalSection(SolutionConfigurationPlatforms) = preSolution
		Debug|x64 = Debug|x64
		Debug|x86 = Debug|x86
		Release|x64 = Release|x64
		Release|x86 = Release|x86
	EndGlobalSection
	GlobalSection(ProjectConfigurationPlatforms) = postSolution
		{6203DFE1-BEBB-4F6A-852A-5A8BD2429C68}.Debug|x64.ActiveCfg = Debug|x64
		{6203DFE1-BEBB-4F6A-852A-5A8BD2429C68}.Debug|x64.Build.0 = Debug|x64
		{6203DFE1-BEBB-4F6A-852A-5A8BD2429C68}.Debug|x86.ActiveCfg = Debug|Win32
		{6203DFE1-BEBB-4F6A-852A-5A8BD2429C68}.Debug|x86.Build.0 = Debug|Win32
		{6203DFE1-BEBB-4F6A-852A-5A8BD2429C68}.Release|x64.ActiveCfg = Release|x64
		{6203DFE1-BEBB-4F6A-852A-5A8BD2429C68}.Release|x64.Build.0 = Release|x64
		{6203DFE1-BEBB-4F6A-852A-5A8BD2429C68}.Release|x86.ActiveCfg = Release|Win32
		{6203DFE1-BEBB-4F6A-852A-5A8BD2429C68}.Release|x86.Build.0 = Release|Win32
		{42215AF1-5C43-4CC6-AED1-7EEABE291F5E}.Debug|x64.ActiveCfg = Debug|x64
		{42215AF1-5C43-4CC6-AED1-7EEABE291F5E}.Debug|x64.Build.0 = Debug|x64
		{42215AF1-5C43-4CC6-AED1-7EEABE291F5E}.Debug|x86.ActiveCfg = Debug|Win32
		{42215AF1-5C43-4CC6-AED1-7EEABE291F5E}.Debug|x86.Build.0 = Debug|Win32
		{42215AF1-5C43-4CC6-AED1-7EEABE291F5E}.Release|x64.ActiveCfg = Release|x64
		{42215AF1-5C43-4CC6-AED1-7EEABE291F5E}.Release|x64.Build.0 = Release|x64
		{42215AF1-5C43-4CC6-AED1-7EEABE291F5E}.Release|x86.ActiveCfg = Release|Win32
		{42215AF1-5C43-4CC6-AED1-7EEABE291F5E}.Release|x86.Build.0 = Release|Win32
	EndGlobalSection
	GlobalSection(SolutionProperties) = preSolution
		HideSolutionNode = FALSE
	EndGlobalSection
	GlobalSection(ExtensibilityGlobals) = postSolution
		SolutionGuid = {00FA5525-D60E-4754-8303-600EA55DD4A7}
	EndGlobalSection
EndGlobal
