
Microsoft Visual Studio Solution File, Format Version 12.00
# Visual Studio 15
VisualStudioVersion = 15.0.28307.902
MinimumVisualStudioVersion = 10.0.40219.1
Project("{8BC9CEB8-8B4A-11D0-8D11-00A0C91BC942}") = "01_Start", "01_Start\01_Start.vcxproj", "{9A36F1DE-EB33-4946-811E-E50010C9BEBB}"
EndProject
Project("{8BC9CEB8-8B4A-11D0-8D11-00A0C91BC942}") = "Sandbox", "Sandbox\Sandbox.vcxproj", "{A38B7DEA-3206-4C88-9668-4F3570540556}"
EndProject
Project("{8BC9CEB8-8B4A-11D0-8D11-00A0C91BC942}") = "02_TypeConversion", "02_TypeConversion\02_TypeConversion.vcxproj", "{FE222E6D-543F-4BB3-9493-0955EA2DC7CF}"
EndProject
Project("{8BC9CEB8-8B4A-11D0-8D11-00A0C91BC942}") = "03_Integer", "03_Integer\03_Integer.vcxproj", "{24E7B764-4F41-4E89-9327-09073274E537}"
EndProject
Project("{8BC9CEB8-8B4A-11D0-8D11-00A0C91BC942}") = "04_Char", "04_Char\04_Char.vcxproj", "{D26852ED-3E75-4D5E-8B74-66893D048B87}"
EndProject
Project("{8BC9CEB8-8B4A-11D0-8D11-00A0C91BC942}") = "05_While", "05_While\05_While.vcxproj", "{3F4AA0A7-C406-42F4-9A9A-C69A2145DECD}"
EndProject
Project("{8BC9CEB8-8B4A-11D0-8D11-00A0C91BC942}") = "06_CleanString", "06_CleanString\06_CleanString.vcxproj", "{90B44CB8-D126-40AE-8D13-AC6CA3BE1CFA}"
EndProject
Project("{8BC9CEB8-8B4A-11D0-8D11-00A0C91BC942}") = "07_PascalTriangle", "07_PascalTriangle\07_PascalTriangle.vcxproj", "{00BB410D-183F-4ECA-8DDA-475D4B9EBA6B}"
EndProject
Project("{8BC9CEB8-8B4A-11D0-8D11-00A0C91BC942}") = "08_NoiseReduction", "08_NoiseReduction\08_NoiseReduction.vcxproj", "{C418877A-EC96-4598-8A2A-A0E41D182196}"
EndProject
Project("{8BC9CEB8-8B4A-11D0-8D11-00A0C91BC942}") = "09_CartesianToPolar", "09_CartesianToPolar\09_CartesianToPolar.vcxproj", "{AD7A535A-C31D-4F7A-8CB3-497BED107287}"
EndProject
Project("{8BC9CEB8-8B4A-11D0-8D11-00A0C91BC942}") = "10_MinMax", "10_MinMax\10_MinMax.vcxproj", "{B0C57C5A-9A30-42A2-9FEA-F7E712D3FC68}"
EndProject
Project("{8BC9CEB8-8B4A-11D0-8D11-00A0C91BC942}") = "11_2DArray", "11_2DArray\11_2DArray.vcxproj", "{87B2DACB-7FE6-493B-A0AD-580A8638F273}"
EndProject
Project("{8BC9CEB8-8B4A-11D0-8D11-00A0C91BC942}") = "12_MemoryAndStrings", "12_MemoryAndStrings\12_MemoryAndStrings.vcxproj", "{5ECE5929-4A0B-41A0-AC13-5662E06E4E60}"
EndProject
Project("{8BC9CEB8-8B4A-11D0-8D11-00A0C91BC942}") = "13_MemoryAndArrays", "13_MemoryAndArrays\13_MemoryAndArrays.vcxproj", "{0F9FFBD8-2EB9-4560-A723-6596F693BB82}"
EndProject
Project("{8BC9CEB8-8B4A-11D0-8D11-00A0C91BC942}") = "14_BitOperations", "14_BitOperations\14_BitOperations.vcxproj", "{A220F538-84FE-4745-99AD-BBADF4A53A6D}"
EndProject
Global
	GlobalSection(SolutionConfigurationPlatforms) = preSolution
		Debug|x64 = Debug|x64
		Debug|x86 = Debug|x86
		Release|x64 = Release|x64
		Release|x86 = Release|x86
	EndGlobalSection
	GlobalSection(ProjectConfigurationPlatforms) = postSolution
		{9A36F1DE-EB33-4946-811E-E50010C9BEBB}.Debug|x64.ActiveCfg = Debug|x64
		{9A36F1DE-EB33-4946-811E-E50010C9BEBB}.Debug|x64.Build.0 = Debug|x64
		{9A36F1DE-EB33-4946-811E-E50010C9BEBB}.Debug|x86.ActiveCfg = Debug|Win32
		{9A36F1DE-EB33-4946-811E-E50010C9BEBB}.Debug|x86.Build.0 = Debug|Win32
		{9A36F1DE-EB33-4946-811E-E50010C9BEBB}.Release|x64.ActiveCfg = Release|x64
		{9A36F1DE-EB33-4946-811E-E50010C9BEBB}.Release|x64.Build.0 = Release|x64
		{9A36F1DE-EB33-4946-811E-E50010C9BEBB}.Release|x86.ActiveCfg = Release|Win32
		{9A36F1DE-EB33-4946-811E-E50010C9BEBB}.Release|x86.Build.0 = Release|Win32
		{A38B7DEA-3206-4C88-9668-4F3570540556}.Debug|x64.ActiveCfg = Debug|x64
		{A38B7DEA-3206-4C88-9668-4F3570540556}.Debug|x64.Build.0 = Debug|x64
		{A38B7DEA-3206-4C88-9668-4F3570540556}.Debug|x86.ActiveCfg = Debug|Win32
		{A38B7DEA-3206-4C88-9668-4F3570540556}.Debug|x86.Build.0 = Debug|Win32
		{A38B7DEA-3206-4C88-9668-4F3570540556}.Release|x64.ActiveCfg = Release|x64
		{A38B7DEA-3206-4C88-9668-4F3570540556}.Release|x64.Build.0 = Release|x64
		{A38B7DEA-3206-4C88-9668-4F3570540556}.Release|x86.ActiveCfg = Release|Win32
		{A38B7DEA-3206-4C88-9668-4F3570540556}.Release|x86.Build.0 = Release|Win32
		{FE222E6D-543F-4BB3-9493-0955EA2DC7CF}.Debug|x64.ActiveCfg = Debug|x64
		{FE222E6D-543F-4BB3-9493-0955EA2DC7CF}.Debug|x64.Build.0 = Debug|x64
		{FE222E6D-543F-4BB3-9493-0955EA2DC7CF}.Debug|x86.ActiveCfg = Debug|Win32
		{FE222E6D-543F-4BB3-9493-0955EA2DC7CF}.Debug|x86.Build.0 = Debug|Win32
		{FE222E6D-543F-4BB3-9493-0955EA2DC7CF}.Release|x64.ActiveCfg = Release|x64
		{FE222E6D-543F-4BB3-9493-0955EA2DC7CF}.Release|x64.Build.0 = Release|x64
		{FE222E6D-543F-4BB3-9493-0955EA2DC7CF}.Release|x86.ActiveCfg = Release|Win32
		{FE222E6D-543F-4BB3-9493-0955EA2DC7CF}.Release|x86.Build.0 = Release|Win32
		{24E7B764-4F41-4E89-9327-09073274E537}.Debug|x64.ActiveCfg = Debug|x64
		{24E7B764-4F41-4E89-9327-09073274E537}.Debug|x64.Build.0 = Debug|x64
		{24E7B764-4F41-4E89-9327-09073274E537}.Debug|x86.ActiveCfg = Debug|Win32
		{24E7B764-4F41-4E89-9327-09073274E537}.Debug|x86.Build.0 = Debug|Win32
		{24E7B764-4F41-4E89-9327-09073274E537}.Release|x64.ActiveCfg = Release|x64
		{24E7B764-4F41-4E89-9327-09073274E537}.Release|x64.Build.0 = Release|x64
		{24E7B764-4F41-4E89-9327-09073274E537}.Release|x86.ActiveCfg = Release|Win32
		{24E7B764-4F41-4E89-9327-09073274E537}.Release|x86.Build.0 = Release|Win32
		{D26852ED-3E75-4D5E-8B74-66893D048B87}.Debug|x64.ActiveCfg = Debug|x64
		{D26852ED-3E75-4D5E-8B74-66893D048B87}.Debug|x64.Build.0 = Debug|x64
		{D26852ED-3E75-4D5E-8B74-66893D048B87}.Debug|x86.ActiveCfg = Debug|Win32
		{D26852ED-3E75-4D5E-8B74-66893D048B87}.Debug|x86.Build.0 = Debug|Win32
		{D26852ED-3E75-4D5E-8B74-66893D048B87}.Release|x64.ActiveCfg = Release|x64
		{D26852ED-3E75-4D5E-8B74-66893D048B87}.Release|x64.Build.0 = Release|x64
		{D26852ED-3E75-4D5E-8B74-66893D048B87}.Release|x86.ActiveCfg = Release|Win32
		{D26852ED-3E75-4D5E-8B74-66893D048B87}.Release|x86.Build.0 = Release|Win32
		{3F4AA0A7-C406-42F4-9A9A-C69A2145DECD}.Debug|x64.ActiveCfg = Debug|x64
		{3F4AA0A7-C406-42F4-9A9A-C69A2145DECD}.Debug|x64.Build.0 = Debug|x64
		{3F4AA0A7-C406-42F4-9A9A-C69A2145DECD}.Debug|x86.ActiveCfg = Debug|Win32
		{3F4AA0A7-C406-42F4-9A9A-C69A2145DECD}.Debug|x86.Build.0 = Debug|Win32
		{3F4AA0A7-C406-42F4-9A9A-C69A2145DECD}.Release|x64.ActiveCfg = Release|x64
		{3F4AA0A7-C406-42F4-9A9A-C69A2145DECD}.Release|x64.Build.0 = Release|x64
		{3F4AA0A7-C406-42F4-9A9A-C69A2145DECD}.Release|x86.ActiveCfg = Release|Win32
		{3F4AA0A7-C406-42F4-9A9A-C69A2145DECD}.Release|x86.Build.0 = Release|Win32
		{90B44CB8-D126-40AE-8D13-AC6CA3BE1CFA}.Debug|x64.ActiveCfg = Debug|x64
		{90B44CB8-D126-40AE-8D13-AC6CA3BE1CFA}.Debug|x64.Build.0 = Debug|x64
		{90B44CB8-D126-40AE-8D13-AC6CA3BE1CFA}.Debug|x86.ActiveCfg = Debug|Win32
		{90B44CB8-D126-40AE-8D13-AC6CA3BE1CFA}.Debug|x86.Build.0 = Debug|Win32
		{90B44CB8-D126-40AE-8D13-AC6CA3BE1CFA}.Release|x64.ActiveCfg = Release|x64
		{90B44CB8-D126-40AE-8D13-AC6CA3BE1CFA}.Release|x64.Build.0 = Release|x64
		{90B44CB8-D126-40AE-8D13-AC6CA3BE1CFA}.Release|x86.ActiveCfg = Release|Win32
		{90B44CB8-D126-40AE-8D13-AC6CA3BE1CFA}.Release|x86.Build.0 = Release|Win32
		{00BB410D-183F-4ECA-8DDA-475D4B9EBA6B}.Debug|x64.ActiveCfg = Debug|x64
		{00BB410D-183F-4ECA-8DDA-475D4B9EBA6B}.Debug|x64.Build.0 = Debug|x64
		{00BB410D-183F-4ECA-8DDA-475D4B9EBA6B}.Debug|x86.ActiveCfg = Debug|Win32
		{00BB410D-183F-4ECA-8DDA-475D4B9EBA6B}.Debug|x86.Build.0 = Debug|Win32
		{00BB410D-183F-4ECA-8DDA-475D4B9EBA6B}.Release|x64.ActiveCfg = Release|x64
		{00BB410D-183F-4ECA-8DDA-475D4B9EBA6B}.Release|x64.Build.0 = Release|x64
		{00BB410D-183F-4ECA-8DDA-475D4B9EBA6B}.Release|x86.ActiveCfg = Release|Win32
		{00BB410D-183F-4ECA-8DDA-475D4B9EBA6B}.Release|x86.Build.0 = Release|Win32
		{C418877A-EC96-4598-8A2A-A0E41D182196}.Debug|x64.ActiveCfg = Debug|x64
		{C418877A-EC96-4598-8A2A-A0E41D182196}.Debug|x64.Build.0 = Debug|x64
		{C418877A-EC96-4598-8A2A-A0E41D182196}.Debug|x86.ActiveCfg = Debug|Win32
		{C418877A-EC96-4598-8A2A-A0E41D182196}.Debug|x86.Build.0 = Debug|Win32
		{C418877A-EC96-4598-8A2A-A0E41D182196}.Release|x64.ActiveCfg = Release|x64
		{C418877A-EC96-4598-8A2A-A0E41D182196}.Release|x64.Build.0 = Release|x64
		{C418877A-EC96-4598-8A2A-A0E41D182196}.Release|x86.ActiveCfg = Release|Win32
		{C418877A-EC96-4598-8A2A-A0E41D182196}.Release|x86.Build.0 = Release|Win32
		{AD7A535A-C31D-4F7A-8CB3-497BED107287}.Debug|x64.ActiveCfg = Debug|x64
		{AD7A535A-C31D-4F7A-8CB3-497BED107287}.Debug|x64.Build.0 = Debug|x64
		{AD7A535A-C31D-4F7A-8CB3-497BED107287}.Debug|x86.ActiveCfg = Debug|Win32
		{AD7A535A-C31D-4F7A-8CB3-497BED107287}.Debug|x86.Build.0 = Debug|Win32
		{AD7A535A-C31D-4F7A-8CB3-497BED107287}.Release|x64.ActiveCfg = Release|x64
		{AD7A535A-C31D-4F7A-8CB3-497BED107287}.Release|x64.Build.0 = Release|x64
		{AD7A535A-C31D-4F7A-8CB3-497BED107287}.Release|x86.ActiveCfg = Release|Win32
		{AD7A535A-C31D-4F7A-8CB3-497BED107287}.Release|x86.Build.0 = Release|Win32
		{B0C57C5A-9A30-42A2-9FEA-F7E712D3FC68}.Debug|x64.ActiveCfg = Debug|x64
		{B0C57C5A-9A30-42A2-9FEA-F7E712D3FC68}.Debug|x64.Build.0 = Debug|x64
		{B0C57C5A-9A30-42A2-9FEA-F7E712D3FC68}.Debug|x86.ActiveCfg = Debug|Win32
		{B0C57C5A-9A30-42A2-9FEA-F7E712D3FC68}.Debug|x86.Build.0 = Debug|Win32
		{B0C57C5A-9A30-42A2-9FEA-F7E712D3FC68}.Release|x64.ActiveCfg = Release|x64
		{B0C57C5A-9A30-42A2-9FEA-F7E712D3FC68}.Release|x64.Build.0 = Release|x64
		{B0C57C5A-9A30-42A2-9FEA-F7E712D3FC68}.Release|x86.ActiveCfg = Release|Win32
		{B0C57C5A-9A30-42A2-9FEA-F7E712D3FC68}.Release|x86.Build.0 = Release|Win32
		{87B2DACB-7FE6-493B-A0AD-580A8638F273}.Debug|x64.ActiveCfg = Debug|x64
		{87B2DACB-7FE6-493B-A0AD-580A8638F273}.Debug|x64.Build.0 = Debug|x64
		{87B2DACB-7FE6-493B-A0AD-580A8638F273}.Debug|x86.ActiveCfg = Debug|Win32
		{87B2DACB-7FE6-493B-A0AD-580A8638F273}.Debug|x86.Build.0 = Debug|Win32
		{87B2DACB-7FE6-493B-A0AD-580A8638F273}.Release|x64.ActiveCfg = Release|x64
		{87B2DACB-7FE6-493B-A0AD-580A8638F273}.Release|x64.Build.0 = Release|x64
		{87B2DACB-7FE6-493B-A0AD-580A8638F273}.Release|x86.ActiveCfg = Release|Win32
		{87B2DACB-7FE6-493B-A0AD-580A8638F273}.Release|x86.Build.0 = Release|Win32
		{5ECE5929-4A0B-41A0-AC13-5662E06E4E60}.Debug|x64.ActiveCfg = Debug|x64
		{5ECE5929-4A0B-41A0-AC13-5662E06E4E60}.Debug|x64.Build.0 = Debug|x64
		{5ECE5929-4A0B-41A0-AC13-5662E06E4E60}.Debug|x86.ActiveCfg = Debug|Win32
		{5ECE5929-4A0B-41A0-AC13-5662E06E4E60}.Debug|x86.Build.0 = Debug|Win32
		{5ECE5929-4A0B-41A0-AC13-5662E06E4E60}.Release|x64.ActiveCfg = Release|x64
		{5ECE5929-4A0B-41A0-AC13-5662E06E4E60}.Release|x64.Build.0 = Release|x64
		{5ECE5929-4A0B-41A0-AC13-5662E06E4E60}.Release|x86.ActiveCfg = Release|Win32
		{5ECE5929-4A0B-41A0-AC13-5662E06E4E60}.Release|x86.Build.0 = Release|Win32
		{0F9FFBD8-2EB9-4560-A723-6596F693BB82}.Debug|x64.ActiveCfg = Debug|x64
		{0F9FFBD8-2EB9-4560-A723-6596F693BB82}.Debug|x64.Build.0 = Debug|x64
		{0F9FFBD8-2EB9-4560-A723-6596F693BB82}.Debug|x86.ActiveCfg = Debug|Win32
		{0F9FFBD8-2EB9-4560-A723-6596F693BB82}.Debug|x86.Build.0 = Debug|Win32
		{0F9FFBD8-2EB9-4560-A723-6596F693BB82}.Release|x64.ActiveCfg = Release|x64
		{0F9FFBD8-2EB9-4560-A723-6596F693BB82}.Release|x64.Build.0 = Release|x64
		{0F9FFBD8-2EB9-4560-A723-6596F693BB82}.Release|x86.ActiveCfg = Release|Win32
		{0F9FFBD8-2EB9-4560-A723-6596F693BB82}.Release|x86.Build.0 = Release|Win32
		{A220F538-84FE-4745-99AD-BBADF4A53A6D}.Debug|x64.ActiveCfg = Debug|x64
		{A220F538-84FE-4745-99AD-BBADF4A53A6D}.Debug|x64.Build.0 = Debug|x64
		{A220F538-84FE-4745-99AD-BBADF4A53A6D}.Debug|x86.ActiveCfg = Debug|Win32
		{A220F538-84FE-4745-99AD-BBADF4A53A6D}.Debug|x86.Build.0 = Debug|Win32
		{A220F538-84FE-4745-99AD-BBADF4A53A6D}.Release|x64.ActiveCfg = Release|x64
		{A220F538-84FE-4745-99AD-BBADF4A53A6D}.Release|x64.Build.0 = Release|x64
		{A220F538-84FE-4745-99AD-BBADF4A53A6D}.Release|x86.ActiveCfg = Release|Win32
		{A220F538-84FE-4745-99AD-BBADF4A53A6D}.Release|x86.Build.0 = Release|Win32
	EndGlobalSection
	GlobalSection(SolutionProperties) = preSolution
		HideSolutionNode = FALSE
	EndGlobalSection
	GlobalSection(ExtensibilityGlobals) = postSolution
		SolutionGuid = {98B06B99-ABBB-4088-BCA9-CA79DFE0E5C9}
	EndGlobalSection
EndGlobal
