
Microsoft Visual Studio Solution File, Format Version 12.00
# Visual Studio 15
VisualStudioVersion = 15.0.28307.902
MinimumVisualStudioVersion = 10.0.40219.1
Project("{8BC9CEB8-8B4A-11D0-8D11-00A0C91BC942}") = "SO1-CJ1-Exercise 1", "SO1-CJ1-Exercise 1\SO1-CJ1-Exercise 1.vcxproj", "{FFADD068-EBE4-43CE-8F6E-3DDC13BE1C37}"
EndProject
Project("{8BC9CEB8-8B4A-11D0-8D11-00A0C91BC942}") = "SO1-CJ1-Exercise 2", "SO1-CJ1-Exercise 2\SO1-CJ1-Exercise 2.vcxproj", "{2B65EA39-0C99-49FA-8BB6-42CF679CF8C1}"
EndProject
Project("{8BC9CEB8-8B4A-11D0-8D11-00A0C91BC942}") = "SO1-WBook-Exercise20", "SO1-WBook-Exercise20\SO1-WBook-Exercise20.vcxproj", "{6F6D7329-1B50-4A33-9A5F-0D30E8149F22}"
EndProject
Project("{8BC9CEB8-8B4A-11D0-8D11-00A0C91BC942}") = "SO1-WBook-Exercise22", "SO1-WBook-Exercise22\SO1-WBook-Exercise22.vcxproj", "{4C4ED79C-2832-4C33-B0ED-E90FAAFFB3DC}"
EndProject
Project("{8BC9CEB8-8B4A-11D0-8D11-00A0C91BC942}") = "SO1-WBook-Exercise21", "SO1-WBook-Exercise21\SO1-WBook-Exercise21.vcxproj", "{37739767-FB6B-4DC6-84F2-2B63AA746BF0}"
EndProject
Project("{8BC9CEB8-8B4A-11D0-8D11-00A0C91BC942}") = "SO1-CJ2-Exercise1", "SO1-CJ2-Exercise1\SO1-CJ2-Exercise1.vcxproj", "{25FC67DE-2A05-4902-9599-58DB625F011F}"
EndProject
Project("{8BC9CEB8-8B4A-11D0-8D11-00A0C91BC942}") = "SO1-CJ2-Exercise2", "SO1-CJ2-Exercise2\SO1-CJ2-Exercise2.vcxproj", "{335035E7-CF04-40EB-A143-DB07ECA559E6}"
EndProject
Global
	GlobalSection(SolutionConfigurationPlatforms) = preSolution
		Debug|x64 = Debug|x64
		Debug|x86 = Debug|x86
		Release|x64 = Release|x64
		Release|x86 = Release|x86
	EndGlobalSection
	GlobalSection(ProjectConfigurationPlatforms) = postSolution
		{FFADD068-EBE4-43CE-8F6E-3DDC13BE1C37}.Debug|x64.ActiveCfg = Debug|x64
		{FFADD068-EBE4-43CE-8F6E-3DDC13BE1C37}.Debug|x64.Build.0 = Debug|x64
		{FFADD068-EBE4-43CE-8F6E-3DDC13BE1C37}.Debug|x86.ActiveCfg = Debug|Win32
		{FFADD068-EBE4-43CE-8F6E-3DDC13BE1C37}.Debug|x86.Build.0 = Debug|Win32
		{FFADD068-EBE4-43CE-8F6E-3DDC13BE1C37}.Release|x64.ActiveCfg = Release|x64
		{FFADD068-EBE4-43CE-8F6E-3DDC13BE1C37}.Release|x64.Build.0 = Release|x64
		{FFADD068-EBE4-43CE-8F6E-3DDC13BE1C37}.Release|x86.ActiveCfg = Release|Win32
		{FFADD068-EBE4-43CE-8F6E-3DDC13BE1C37}.Release|x86.Build.0 = Release|Win32
		{2B65EA39-0C99-49FA-8BB6-42CF679CF8C1}.Debug|x64.ActiveCfg = Debug|x64
		{2B65EA39-0C99-49FA-8BB6-42CF679CF8C1}.Debug|x64.Build.0 = Debug|x64
		{2B65EA39-0C99-49FA-8BB6-42CF679CF8C1}.Debug|x86.ActiveCfg = Debug|Win32
		{2B65EA39-0C99-49FA-8BB6-42CF679CF8C1}.Debug|x86.Build.0 = Debug|Win32
		{2B65EA39-0C99-49FA-8BB6-42CF679CF8C1}.Release|x64.ActiveCfg = Release|x64
		{2B65EA39-0C99-49FA-8BB6-42CF679CF8C1}.Release|x64.Build.0 = Release|x64
		{2B65EA39-0C99-49FA-8BB6-42CF679CF8C1}.Release|x86.ActiveCfg = Release|Win32
		{2B65EA39-0C99-49FA-8BB6-42CF679CF8C1}.Release|x86.Build.0 = Release|Win32
		{6F6D7329-1B50-4A33-9A5F-0D30E8149F22}.Debug|x64.ActiveCfg = Debug|x64
		{6F6D7329-1B50-4A33-9A5F-0D30E8149F22}.Debug|x64.Build.0 = Debug|x64
		{6F6D7329-1B50-4A33-9A5F-0D30E8149F22}.Debug|x86.ActiveCfg = Debug|Win32
		{6F6D7329-1B50-4A33-9A5F-0D30E8149F22}.Debug|x86.Build.0 = Debug|Win32
		{6F6D7329-1B50-4A33-9A5F-0D30E8149F22}.Release|x64.ActiveCfg = Release|x64
		{6F6D7329-1B50-4A33-9A5F-0D30E8149F22}.Release|x64.Build.0 = Release|x64
		{6F6D7329-1B50-4A33-9A5F-0D30E8149F22}.Release|x86.ActiveCfg = Release|Win32
		{6F6D7329-1B50-4A33-9A5F-0D30E8149F22}.Release|x86.Build.0 = Release|Win32
		{4C4ED79C-2832-4C33-B0ED-E90FAAFFB3DC}.Debug|x64.ActiveCfg = Debug|x64
		{4C4ED79C-2832-4C33-B0ED-E90FAAFFB3DC}.Debug|x64.Build.0 = Debug|x64
		{4C4ED79C-2832-4C33-B0ED-E90FAAFFB3DC}.Debug|x86.ActiveCfg = Debug|Win32
		{4C4ED79C-2832-4C33-B0ED-E90FAAFFB3DC}.Debug|x86.Build.0 = Debug|Win32
		{4C4ED79C-2832-4C33-B0ED-E90FAAFFB3DC}.Release|x64.ActiveCfg = Release|x64
		{4C4ED79C-2832-4C33-B0ED-E90FAAFFB3DC}.Release|x64.Build.0 = Release|x64
		{4C4ED79C-2832-4C33-B0ED-E90FAAFFB3DC}.Release|x86.ActiveCfg = Release|Win32
		{4C4ED79C-2832-4C33-B0ED-E90FAAFFB3DC}.Release|x86.Build.0 = Release|Win32
		{37739767-FB6B-4DC6-84F2-2B63AA746BF0}.Debug|x64.ActiveCfg = Debug|x64
		{37739767-FB6B-4DC6-84F2-2B63AA746BF0}.Debug|x64.Build.0 = Debug|x64
		{37739767-FB6B-4DC6-84F2-2B63AA746BF0}.Debug|x86.ActiveCfg = Debug|Win32
		{37739767-FB6B-4DC6-84F2-2B63AA746BF0}.Debug|x86.Build.0 = Debug|Win32
		{37739767-FB6B-4DC6-84F2-2B63AA746BF0}.Release|x64.ActiveCfg = Release|x64
		{37739767-FB6B-4DC6-84F2-2B63AA746BF0}.Release|x64.Build.0 = Release|x64
		{37739767-FB6B-4DC6-84F2-2B63AA746BF0}.Release|x86.ActiveCfg = Release|Win32
		{37739767-FB6B-4DC6-84F2-2B63AA746BF0}.Release|x86.Build.0 = Release|Win32
		{25FC67DE-2A05-4902-9599-58DB625F011F}.Debug|x64.ActiveCfg = Debug|x64
		{25FC67DE-2A05-4902-9599-58DB625F011F}.Debug|x64.Build.0 = Debug|x64
		{25FC67DE-2A05-4902-9599-58DB625F011F}.Debug|x86.ActiveCfg = Debug|Win32
		{25FC67DE-2A05-4902-9599-58DB625F011F}.Debug|x86.Build.0 = Debug|Win32
		{25FC67DE-2A05-4902-9599-58DB625F011F}.Release|x64.ActiveCfg = Release|x64
		{25FC67DE-2A05-4902-9599-58DB625F011F}.Release|x64.Build.0 = Release|x64
		{25FC67DE-2A05-4902-9599-58DB625F011F}.Release|x86.ActiveCfg = Release|Win32
		{25FC67DE-2A05-4902-9599-58DB625F011F}.Release|x86.Build.0 = Release|Win32
		{335035E7-CF04-40EB-A143-DB07ECA559E6}.Debug|x64.ActiveCfg = Debug|x64
		{335035E7-CF04-40EB-A143-DB07ECA559E6}.Debug|x64.Build.0 = Debug|x64
		{335035E7-CF04-40EB-A143-DB07ECA559E6}.Debug|x86.ActiveCfg = Debug|Win32
		{335035E7-CF04-40EB-A143-DB07ECA559E6}.Debug|x86.Build.0 = Debug|Win32
		{335035E7-CF04-40EB-A143-DB07ECA559E6}.Release|x64.ActiveCfg = Release|x64
		{335035E7-CF04-40EB-A143-DB07ECA559E6}.Release|x64.Build.0 = Release|x64
		{335035E7-CF04-40EB-A143-DB07ECA559E6}.Release|x86.ActiveCfg = Release|Win32
		{335035E7-CF04-40EB-A143-DB07ECA559E6}.Release|x86.Build.0 = Release|Win32
	EndGlobalSection
	GlobalSection(SolutionProperties) = preSolution
		HideSolutionNode = FALSE
	EndGlobalSection
	GlobalSection(ExtensibilityGlobals) = postSolution
		SolutionGuid = {98BFB3E8-8D85-4E1D-99C8-62A7CEC1F45B}
	EndGlobalSection
EndGlobal
