
Microsoft Visual Studio Solution File, Format Version 12.00
# Visual Studio 15
VisualStudioVersion = 15.0.28307.902
MinimumVisualStudioVersion = 10.0.40219.1
Project("{8BC9CEB8-8B4A-11D0-8D11-00A0C91BC942}") = "Exercise 15", "Exercise 15\Exercise 15.vcxproj", "{4840FBAC-575F-448F-939A-982251E1690F}"
EndProject
Project("{8BC9CEB8-8B4A-11D0-8D11-00A0C91BC942}") = "Exercise 17", "Exercise 17\Exercise 17.vcxproj", "{741772E7-C619-44D7-A441-2146BCDC95A0}"
EndProject
Project("{8BC9CEB8-8B4A-11D0-8D11-00A0C91BC942}") = "Exercise 20", "Exercise 20\Exercise 20.vcxproj", "{4D9D7962-6AF5-4C90-BDF9-E0317A2241D6}"
EndProject
Project("{8BC9CEB8-8B4A-11D0-8D11-00A0C91BC942}") = "Exercise 21", "Exercise 21\Exercise 21.vcxproj", "{CD6E37B8-DA35-474A-B756-3FD6E9A7D80A}"
EndProject
Project("{8BC9CEB8-8B4A-11D0-8D11-00A0C91BC942}") = "Exercise 22", "Exercise 22\Exercise 22.vcxproj", "{C3DE14B9-6D23-47F2-ADAE-410F5A911F56}"
EndProject
Project("{8BC9CEB8-8B4A-11D0-8D11-00A0C91BC942}") = "Exercise 28", "Exercise 28\Exercise 28.vcxproj", "{10FD46D9-D237-4A0F-AFBF-5254457BA3F9}"
EndProject
Project("{8BC9CEB8-8B4A-11D0-8D11-00A0C91BC942}") = "Exercise 29", "Exercise 29\Exercise 29.vcxproj", "{9EED2FE4-46AC-431B-8678-7940E0ACB77A}"
EndProject
Project("{8BC9CEB8-8B4A-11D0-8D11-00A0C91BC942}") = "Exercise 30", "Exercise 30\Exercise 30.vcxproj", "{C13588D7-E062-491B-B5E9-7B25EC074E35}"
EndProject
Project("{8BC9CEB8-8B4A-11D0-8D11-00A0C91BC942}") = "Exercise 31", "Exercise 31\Exercise 31.vcxproj", "{DDE8CA48-BF94-40A7-99E2-18F38DBE529E}"
EndProject
Project("{8BC9CEB8-8B4A-11D0-8D11-00A0C91BC942}") = "Exercise 32", "Exercise 32\Exercise 32.vcxproj", "{E9E5AB05-F6DF-4FFE-8F83-3F7E9ACED9A2}"
EndProject
Project("{8BC9CEB8-8B4A-11D0-8D11-00A0C91BC942}") = "Exercise 33", "Exercise 33\Exercise 33.vcxproj", "{F37BD449-0F71-41F9-BA9C-4C2EC8FAED83}"
EndProject
Project("{8BC9CEB8-8B4A-11D0-8D11-00A0C91BC942}") = "Exercise 34", "Exercise 34\Exercise 34.vcxproj", "{E503681E-619E-4F5C-AD25-3586530BA6DF}"
EndProject
Project("{8BC9CEB8-8B4A-11D0-8D11-00A0C91BC942}") = "Exercise 35", "Exercise 35\Exercise 35.vcxproj", "{6BC9EA14-52EA-4C1C-B032-C5B836707D23}"
EndProject
Project("{8BC9CEB8-8B4A-11D0-8D11-00A0C91BC942}") = "Exercise 36", "Exercise 36\Exercise 36.vcxproj", "{C35BA9C8-3328-4102-B49C-CEA0E61CDC7B}"
EndProject
Project("{8BC9CEB8-8B4A-11D0-8D11-00A0C91BC942}") = "Exercise 40", "Exercise 40\Exercise 40.vcxproj", "{3F8D179F-90A8-40A0-8127-86E839B722BB}"
EndProject
Project("{8BC9CEB8-8B4A-11D0-8D11-00A0C91BC942}") = "Exercise 37-39", "Exercise 37-39\Exercise 37-39.vcxproj", "{95D6855B-75DC-4D9B-8169-A664766DE8CC}"
EndProject
Project("{8BC9CEB8-8B4A-11D0-8D11-00A0C91BC942}") = "Exercise 27", "Exercise 27\Exercise 27.vcxproj", "{93868518-0CD4-4206-B78D-00C4004711BC}"
EndProject
Global
	GlobalSection(SolutionConfigurationPlatforms) = preSolution
		Debug|x64 = Debug|x64
		Debug|x86 = Debug|x86
		Release|x64 = Release|x64
		Release|x86 = Release|x86
	EndGlobalSection
	GlobalSection(ProjectConfigurationPlatforms) = postSolution
		{4840FBAC-575F-448F-939A-982251E1690F}.Debug|x64.ActiveCfg = Debug|x64
		{4840FBAC-575F-448F-939A-982251E1690F}.Debug|x64.Build.0 = Debug|x64
		{4840FBAC-575F-448F-939A-982251E1690F}.Debug|x86.ActiveCfg = Debug|Win32
		{4840FBAC-575F-448F-939A-982251E1690F}.Debug|x86.Build.0 = Debug|Win32
		{4840FBAC-575F-448F-939A-982251E1690F}.Release|x64.ActiveCfg = Release|x64
		{4840FBAC-575F-448F-939A-982251E1690F}.Release|x64.Build.0 = Release|x64
		{4840FBAC-575F-448F-939A-982251E1690F}.Release|x86.ActiveCfg = Release|Win32
		{4840FBAC-575F-448F-939A-982251E1690F}.Release|x86.Build.0 = Release|Win32
		{741772E7-C619-44D7-A441-2146BCDC95A0}.Debug|x64.ActiveCfg = Debug|x64
		{741772E7-C619-44D7-A441-2146BCDC95A0}.Debug|x64.Build.0 = Debug|x64
		{741772E7-C619-44D7-A441-2146BCDC95A0}.Debug|x86.ActiveCfg = Debug|Win32
		{741772E7-C619-44D7-A441-2146BCDC95A0}.Debug|x86.Build.0 = Debug|Win32
		{741772E7-C619-44D7-A441-2146BCDC95A0}.Release|x64.ActiveCfg = Release|x64
		{741772E7-C619-44D7-A441-2146BCDC95A0}.Release|x64.Build.0 = Release|x64
		{741772E7-C619-44D7-A441-2146BCDC95A0}.Release|x86.ActiveCfg = Release|Win32
		{741772E7-C619-44D7-A441-2146BCDC95A0}.Release|x86.Build.0 = Release|Win32
		{4D9D7962-6AF5-4C90-BDF9-E0317A2241D6}.Debug|x64.ActiveCfg = Debug|x64
		{4D9D7962-6AF5-4C90-BDF9-E0317A2241D6}.Debug|x64.Build.0 = Debug|x64
		{4D9D7962-6AF5-4C90-BDF9-E0317A2241D6}.Debug|x86.ActiveCfg = Debug|Win32
		{4D9D7962-6AF5-4C90-BDF9-E0317A2241D6}.Debug|x86.Build.0 = Debug|Win32
		{4D9D7962-6AF5-4C90-BDF9-E0317A2241D6}.Release|x64.ActiveCfg = Release|x64
		{4D9D7962-6AF5-4C90-BDF9-E0317A2241D6}.Release|x64.Build.0 = Release|x64
		{4D9D7962-6AF5-4C90-BDF9-E0317A2241D6}.Release|x86.ActiveCfg = Release|Win32
		{4D9D7962-6AF5-4C90-BDF9-E0317A2241D6}.Release|x86.Build.0 = Release|Win32
		{CD6E37B8-DA35-474A-B756-3FD6E9A7D80A}.Debug|x64.ActiveCfg = Debug|x64
		{CD6E37B8-DA35-474A-B756-3FD6E9A7D80A}.Debug|x64.Build.0 = Debug|x64
		{CD6E37B8-DA35-474A-B756-3FD6E9A7D80A}.Debug|x86.ActiveCfg = Debug|Win32
		{CD6E37B8-DA35-474A-B756-3FD6E9A7D80A}.Debug|x86.Build.0 = Debug|Win32
		{CD6E37B8-DA35-474A-B756-3FD6E9A7D80A}.Release|x64.ActiveCfg = Release|x64
		{CD6E37B8-DA35-474A-B756-3FD6E9A7D80A}.Release|x64.Build.0 = Release|x64
		{CD6E37B8-DA35-474A-B756-3FD6E9A7D80A}.Release|x86.ActiveCfg = Release|Win32
		{CD6E37B8-DA35-474A-B756-3FD6E9A7D80A}.Release|x86.Build.0 = Release|Win32
		{C3DE14B9-6D23-47F2-ADAE-410F5A911F56}.Debug|x64.ActiveCfg = Debug|x64
		{C3DE14B9-6D23-47F2-ADAE-410F5A911F56}.Debug|x64.Build.0 = Debug|x64
		{C3DE14B9-6D23-47F2-ADAE-410F5A911F56}.Debug|x86.ActiveCfg = Debug|Win32
		{C3DE14B9-6D23-47F2-ADAE-410F5A911F56}.Debug|x86.Build.0 = Debug|Win32
		{C3DE14B9-6D23-47F2-ADAE-410F5A911F56}.Release|x64.ActiveCfg = Release|x64
		{C3DE14B9-6D23-47F2-ADAE-410F5A911F56}.Release|x64.Build.0 = Release|x64
		{C3DE14B9-6D23-47F2-ADAE-410F5A911F56}.Release|x86.ActiveCfg = Release|Win32
		{C3DE14B9-6D23-47F2-ADAE-410F5A911F56}.Release|x86.Build.0 = Release|Win32
		{10FD46D9-D237-4A0F-AFBF-5254457BA3F9}.Debug|x64.ActiveCfg = Debug|x64
		{10FD46D9-D237-4A0F-AFBF-5254457BA3F9}.Debug|x64.Build.0 = Debug|x64
		{10FD46D9-D237-4A0F-AFBF-5254457BA3F9}.Debug|x86.ActiveCfg = Debug|Win32
		{10FD46D9-D237-4A0F-AFBF-5254457BA3F9}.Debug|x86.Build.0 = Debug|Win32
		{10FD46D9-D237-4A0F-AFBF-5254457BA3F9}.Release|x64.ActiveCfg = Release|x64
		{10FD46D9-D237-4A0F-AFBF-5254457BA3F9}.Release|x64.Build.0 = Release|x64
		{10FD46D9-D237-4A0F-AFBF-5254457BA3F9}.Release|x86.ActiveCfg = Release|Win32
		{10FD46D9-D237-4A0F-AFBF-5254457BA3F9}.Release|x86.Build.0 = Release|Win32
		{9EED2FE4-46AC-431B-8678-7940E0ACB77A}.Debug|x64.ActiveCfg = Debug|x64
		{9EED2FE4-46AC-431B-8678-7940E0ACB77A}.Debug|x64.Build.0 = Debug|x64
		{9EED2FE4-46AC-431B-8678-7940E0ACB77A}.Debug|x86.ActiveCfg = Debug|Win32
		{9EED2FE4-46AC-431B-8678-7940E0ACB77A}.Debug|x86.Build.0 = Debug|Win32
		{9EED2FE4-46AC-431B-8678-7940E0ACB77A}.Release|x64.ActiveCfg = Release|x64
		{9EED2FE4-46AC-431B-8678-7940E0ACB77A}.Release|x64.Build.0 = Release|x64
		{9EED2FE4-46AC-431B-8678-7940E0ACB77A}.Release|x86.ActiveCfg = Release|Win32
		{9EED2FE4-46AC-431B-8678-7940E0ACB77A}.Release|x86.Build.0 = Release|Win32
		{C13588D7-E062-491B-B5E9-7B25EC074E35}.Debug|x64.ActiveCfg = Debug|x64
		{C13588D7-E062-491B-B5E9-7B25EC074E35}.Debug|x64.Build.0 = Debug|x64
		{C13588D7-E062-491B-B5E9-7B25EC074E35}.Debug|x86.ActiveCfg = Debug|Win32
		{C13588D7-E062-491B-B5E9-7B25EC074E35}.Debug|x86.Build.0 = Debug|Win32
		{C13588D7-E062-491B-B5E9-7B25EC074E35}.Release|x64.ActiveCfg = Release|x64
		{C13588D7-E062-491B-B5E9-7B25EC074E35}.Release|x64.Build.0 = Release|x64
		{C13588D7-E062-491B-B5E9-7B25EC074E35}.Release|x86.ActiveCfg = Release|Win32
		{C13588D7-E062-491B-B5E9-7B25EC074E35}.Release|x86.Build.0 = Release|Win32
		{DDE8CA48-BF94-40A7-99E2-18F38DBE529E}.Debug|x64.ActiveCfg = Debug|x64
		{DDE8CA48-BF94-40A7-99E2-18F38DBE529E}.Debug|x64.Build.0 = Debug|x64
		{DDE8CA48-BF94-40A7-99E2-18F38DBE529E}.Debug|x86.ActiveCfg = Debug|Win32
		{DDE8CA48-BF94-40A7-99E2-18F38DBE529E}.Debug|x86.Build.0 = Debug|Win32
		{DDE8CA48-BF94-40A7-99E2-18F38DBE529E}.Release|x64.ActiveCfg = Release|x64
		{DDE8CA48-BF94-40A7-99E2-18F38DBE529E}.Release|x64.Build.0 = Release|x64
		{DDE8CA48-BF94-40A7-99E2-18F38DBE529E}.Release|x86.ActiveCfg = Release|Win32
		{DDE8CA48-BF94-40A7-99E2-18F38DBE529E}.Release|x86.Build.0 = Release|Win32
		{E9E5AB05-F6DF-4FFE-8F83-3F7E9ACED9A2}.Debug|x64.ActiveCfg = Debug|x64
		{E9E5AB05-F6DF-4FFE-8F83-3F7E9ACED9A2}.Debug|x64.Build.0 = Debug|x64
		{E9E5AB05-F6DF-4FFE-8F83-3F7E9ACED9A2}.Debug|x86.ActiveCfg = Debug|Win32
		{E9E5AB05-F6DF-4FFE-8F83-3F7E9ACED9A2}.Debug|x86.Build.0 = Debug|Win32
		{E9E5AB05-F6DF-4FFE-8F83-3F7E9ACED9A2}.Release|x64.ActiveCfg = Release|x64
		{E9E5AB05-F6DF-4FFE-8F83-3F7E9ACED9A2}.Release|x64.Build.0 = Release|x64
		{E9E5AB05-F6DF-4FFE-8F83-3F7E9ACED9A2}.Release|x86.ActiveCfg = Release|Win32
		{E9E5AB05-F6DF-4FFE-8F83-3F7E9ACED9A2}.Release|x86.Build.0 = Release|Win32
		{F37BD449-0F71-41F9-BA9C-4C2EC8FAED83}.Debug|x64.ActiveCfg = Debug|x64
		{F37BD449-0F71-41F9-BA9C-4C2EC8FAED83}.Debug|x64.Build.0 = Debug|x64
		{F37BD449-0F71-41F9-BA9C-4C2EC8FAED83}.Debug|x86.ActiveCfg = Debug|Win32
		{F37BD449-0F71-41F9-BA9C-4C2EC8FAED83}.Debug|x86.Build.0 = Debug|Win32
		{F37BD449-0F71-41F9-BA9C-4C2EC8FAED83}.Release|x64.ActiveCfg = Release|x64
		{F37BD449-0F71-41F9-BA9C-4C2EC8FAED83}.Release|x64.Build.0 = Release|x64
		{F37BD449-0F71-41F9-BA9C-4C2EC8FAED83}.Release|x86.ActiveCfg = Release|Win32
		{F37BD449-0F71-41F9-BA9C-4C2EC8FAED83}.Release|x86.Build.0 = Release|Win32
		{E503681E-619E-4F5C-AD25-3586530BA6DF}.Debug|x64.ActiveCfg = Debug|x64
		{E503681E-619E-4F5C-AD25-3586530BA6DF}.Debug|x64.Build.0 = Debug|x64
		{E503681E-619E-4F5C-AD25-3586530BA6DF}.Debug|x86.ActiveCfg = Debug|Win32
		{E503681E-619E-4F5C-AD25-3586530BA6DF}.Debug|x86.Build.0 = Debug|Win32
		{E503681E-619E-4F5C-AD25-3586530BA6DF}.Release|x64.ActiveCfg = Release|x64
		{E503681E-619E-4F5C-AD25-3586530BA6DF}.Release|x64.Build.0 = Release|x64
		{E503681E-619E-4F5C-AD25-3586530BA6DF}.Release|x86.ActiveCfg = Release|Win32
		{E503681E-619E-4F5C-AD25-3586530BA6DF}.Release|x86.Build.0 = Release|Win32
		{6BC9EA14-52EA-4C1C-B032-C5B836707D23}.Debug|x64.ActiveCfg = Debug|x64
		{6BC9EA14-52EA-4C1C-B032-C5B836707D23}.Debug|x64.Build.0 = Debug|x64
		{6BC9EA14-52EA-4C1C-B032-C5B836707D23}.Debug|x86.ActiveCfg = Debug|Win32
		{6BC9EA14-52EA-4C1C-B032-C5B836707D23}.Debug|x86.Build.0 = Debug|Win32
		{6BC9EA14-52EA-4C1C-B032-C5B836707D23}.Release|x64.ActiveCfg = Release|x64
		{6BC9EA14-52EA-4C1C-B032-C5B836707D23}.Release|x64.Build.0 = Release|x64
		{6BC9EA14-52EA-4C1C-B032-C5B836707D23}.Release|x86.ActiveCfg = Release|Win32
		{6BC9EA14-52EA-4C1C-B032-C5B836707D23}.Release|x86.Build.0 = Release|Win32
		{C35BA9C8-3328-4102-B49C-CEA0E61CDC7B}.Debug|x64.ActiveCfg = Debug|x64
		{C35BA9C8-3328-4102-B49C-CEA0E61CDC7B}.Debug|x64.Build.0 = Debug|x64
		{C35BA9C8-3328-4102-B49C-CEA0E61CDC7B}.Debug|x86.ActiveCfg = Debug|Win32
		{C35BA9C8-3328-4102-B49C-CEA0E61CDC7B}.Debug|x86.Build.0 = Debug|Win32
		{C35BA9C8-3328-4102-B49C-CEA0E61CDC7B}.Release|x64.ActiveCfg = Release|x64
		{C35BA9C8-3328-4102-B49C-CEA0E61CDC7B}.Release|x64.Build.0 = Release|x64
		{C35BA9C8-3328-4102-B49C-CEA0E61CDC7B}.Release|x86.ActiveCfg = Release|Win32
		{C35BA9C8-3328-4102-B49C-CEA0E61CDC7B}.Release|x86.Build.0 = Release|Win32
		{3F8D179F-90A8-40A0-8127-86E839B722BB}.Debug|x64.ActiveCfg = Debug|x64
		{3F8D179F-90A8-40A0-8127-86E839B722BB}.Debug|x64.Build.0 = Debug|x64
		{3F8D179F-90A8-40A0-8127-86E839B722BB}.Debug|x86.ActiveCfg = Debug|Win32
		{3F8D179F-90A8-40A0-8127-86E839B722BB}.Debug|x86.Build.0 = Debug|Win32
		{3F8D179F-90A8-40A0-8127-86E839B722BB}.Release|x64.ActiveCfg = Release|x64
		{3F8D179F-90A8-40A0-8127-86E839B722BB}.Release|x64.Build.0 = Release|x64
		{3F8D179F-90A8-40A0-8127-86E839B722BB}.Release|x86.ActiveCfg = Release|Win32
		{3F8D179F-90A8-40A0-8127-86E839B722BB}.Release|x86.Build.0 = Release|Win32
		{95D6855B-75DC-4D9B-8169-A664766DE8CC}.Debug|x64.ActiveCfg = Debug|x64
		{95D6855B-75DC-4D9B-8169-A664766DE8CC}.Debug|x64.Build.0 = Debug|x64
		{95D6855B-75DC-4D9B-8169-A664766DE8CC}.Debug|x86.ActiveCfg = Debug|Win32
		{95D6855B-75DC-4D9B-8169-A664766DE8CC}.Debug|x86.Build.0 = Debug|Win32
		{95D6855B-75DC-4D9B-8169-A664766DE8CC}.Release|x64.ActiveCfg = Release|x64
		{95D6855B-75DC-4D9B-8169-A664766DE8CC}.Release|x64.Build.0 = Release|x64
		{95D6855B-75DC-4D9B-8169-A664766DE8CC}.Release|x86.ActiveCfg = Release|Win32
		{95D6855B-75DC-4D9B-8169-A664766DE8CC}.Release|x86.Build.0 = Release|Win32
		{93868518-0CD4-4206-B78D-00C4004711BC}.Debug|x64.ActiveCfg = Debug|x64
		{93868518-0CD4-4206-B78D-00C4004711BC}.Debug|x64.Build.0 = Debug|x64
		{93868518-0CD4-4206-B78D-00C4004711BC}.Debug|x86.ActiveCfg = Debug|Win32
		{93868518-0CD4-4206-B78D-00C4004711BC}.Debug|x86.Build.0 = Debug|Win32
		{93868518-0CD4-4206-B78D-00C4004711BC}.Release|x64.ActiveCfg = Release|x64
		{93868518-0CD4-4206-B78D-00C4004711BC}.Release|x64.Build.0 = Release|x64
		{93868518-0CD4-4206-B78D-00C4004711BC}.Release|x86.ActiveCfg = Release|Win32
		{93868518-0CD4-4206-B78D-00C4004711BC}.Release|x86.Build.0 = Release|Win32
	EndGlobalSection
	GlobalSection(SolutionProperties) = preSolution
		HideSolutionNode = FALSE
	EndGlobalSection
	GlobalSection(ExtensibilityGlobals) = postSolution
		SolutionGuid = {98BFB3E8-8D85-4E1D-99C8-62A7CEC1F45B}
	EndGlobalSection
EndGlobal
